// !$*UTF8*$!
{
	archiveVersion = 1;
	classes = {
	};
	objectVersion = 56;
	objects = {

/* Begin PBXBuildFile section */
		460FE6942BF7F98E007D8E77 /* Message.swift in Sources */ = {isa = PBXBuildFile; fileRef = 460FE6932BF7F98E007D8E77 /* Message.swift */; };
		460FE6992BF7FA5E007D8E77 /* MessagesManager.swift in Sources */ = {isa = PBXBuildFile; fileRef = 460FE6982BF7FA5E007D8E77 /* MessagesManager.swift */; };
		46D9AF5E2BF7E77F00866C38 /* MessengerApp.swift in Sources */ = {isa = PBXBuildFile; fileRef = 46D9AF5D2BF7E77F00866C38 /* MessengerApp.swift */; };
		46D9AF622BF7E77F00866C38 /* Assets.xcassets in Resources */ = {isa = PBXBuildFile; fileRef = 46D9AF612BF7E77F00866C38 /* Assets.xcassets */; };
		46D9AF652BF7E77F00866C38 /* Preview Assets.xcassets in Resources */ = {isa = PBXBuildFile; fileRef = 46D9AF642BF7E77F00866C38 /* Preview Assets.xcassets */; };
		46D9AF6F2BF7E77F00866C38 /* MessengerTests.swift in Sources */ = {isa = PBXBuildFile; fileRef = 46D9AF6E2BF7E77F00866C38 /* MessengerTests.swift */; };
		46D9AF792BF7E77F00866C38 /* MessengerUITests.swift in Sources */ = {isa = PBXBuildFile; fileRef = 46D9AF782BF7E77F00866C38 /* MessengerUITests.swift */; };
		46D9AF7B2BF7E77F00866C38 /* MessengerUITestsLaunchTests.swift in Sources */ = {isa = PBXBuildFile; fileRef = 46D9AF7A2BF7E77F00866C38 /* MessengerUITestsLaunchTests.swift */; };
		46EA83F62BF7E82F00BB2C1F /* ChatUser.swift in Sources */ = {isa = PBXBuildFile; fileRef = 46EA83F52BF7E82F00BB2C1F /* ChatUser.swift */; };
		46EA83F92BF7E89900BB2C1F /* LoginService.swift in Sources */ = {isa = PBXBuildFile; fileRef = 46EA83F82BF7E89900BB2C1F /* LoginService.swift */; };
		46EA83FB2BF7E94200BB2C1F /* GoogleService-Info.plist in Resources */ = {isa = PBXBuildFile; fileRef = 46EA83FA2BF7E94200BB2C1F /* GoogleService-Info.plist */; };
		46EA84012BF7E9CD00BB2C1F /* FirebaseFirestoreSwift in Frameworks */ = {isa = PBXBuildFile; productRef = 46EA84002BF7E9CD00BB2C1F /* FirebaseFirestoreSwift */; };
		46EA84032BF7E9D700BB2C1F /* FirebaseFirestore in Frameworks */ = {isa = PBXBuildFile; productRef = 46EA84022BF7E9D700BB2C1F /* FirebaseFirestore */; };
		46EA84052BF7E9E000BB2C1F /* FirebaseStorage in Frameworks */ = {isa = PBXBuildFile; productRef = 46EA84042BF7E9E000BB2C1F /* FirebaseStorage */; };
		46EA84072BF7E9EF00BB2C1F /* FirebaseAuth in Frameworks */ = {isa = PBXBuildFile; productRef = 46EA84062BF7E9EF00BB2C1F /* FirebaseAuth */; };
		46EA84092BF7ECA600BB2C1F /* InputView.swift in Sources */ = {isa = PBXBuildFile; fileRef = 46EA84082BF7ECA600BB2C1F /* InputView.swift */; };
		46EA840C2BF7F04000BB2C1F /* LoginView.swift in Sources */ = {isa = PBXBuildFile; fileRef = 46EA840B2BF7F04000BB2C1F /* LoginView.swift */; };
		46EA840E2BF7F05500BB2C1F /* SignUpView.swift in Sources */ = {isa = PBXBuildFile; fileRef = 46EA840D2BF7F05500BB2C1F /* SignUpView.swift */; };
		46FB930D2BF8085A001643E5 /* FirebaseAuthManager.swift in Sources */ = {isa = PBXBuildFile; fileRef = 46FB930C2BF8085A001643E5 /* FirebaseAuthManager.swift */; };
/* End PBXBuildFile section */

/* Begin PBXContainerItemProxy section */
		46D9AF6B2BF7E77F00866C38 /* PBXContainerItemProxy */ = {
			isa = PBXContainerItemProxy;
			containerPortal = 46D9AF522BF7E77F00866C38 /* Project object */;
			proxyType = 1;
			remoteGlobalIDString = 46D9AF592BF7E77F00866C38;
			remoteInfo = Messenger;
		};
		46D9AF752BF7E77F00866C38 /* PBXContainerItemProxy */ = {
			isa = PBXContainerItemProxy;
			containerPortal = 46D9AF522BF7E77F00866C38 /* Project object */;
			proxyType = 1;
			remoteGlobalIDString = 46D9AF592BF7E77F00866C38;
			remoteInfo = Messenger;
		};
/* End PBXContainerItemProxy section */

/* Begin PBXFileReference section */
		460FE6932BF7F98E007D8E77 /* Message.swift */ = {isa = PBXFileReference; lastKnownFileType = sourcecode.swift; path = Message.swift; sourceTree = "<group>"; };
		460FE6982BF7FA5E007D8E77 /* MessagesManager.swift */ = {isa = PBXFileReference; lastKnownFileType = sourcecode.swift; path = MessagesManager.swift; sourceTree = "<group>"; };
		46D9AF5A2BF7E77F00866C38 /* Messenger.app */ = {isa = PBXFileReference; explicitFileType = wrapper.application; includeInIndex = 0; path = Messenger.app; sourceTree = BUILT_PRODUCTS_DIR; };
		46D9AF5D2BF7E77F00866C38 /* MessengerApp.swift */ = {isa = PBXFileReference; lastKnownFileType = sourcecode.swift; path = MessengerApp.swift; sourceTree = "<group>"; };
		46D9AF612BF7E77F00866C38 /* Assets.xcassets */ = {isa = PBXFileReference; lastKnownFileType = folder.assetcatalog; path = Assets.xcassets; sourceTree = "<group>"; };
		46D9AF642BF7E77F00866C38 /* Preview Assets.xcassets */ = {isa = PBXFileReference; lastKnownFileType = folder.assetcatalog; path = "Preview Assets.xcassets"; sourceTree = "<group>"; };
		46D9AF6A2BF7E77F00866C38 /* MessengerTests.xctest */ = {isa = PBXFileReference; explicitFileType = wrapper.cfbundle; includeInIndex = 0; path = MessengerTests.xctest; sourceTree = BUILT_PRODUCTS_DIR; };
		46D9AF6E2BF7E77F00866C38 /* MessengerTests.swift */ = {isa = PBXFileReference; lastKnownFileType = sourcecode.swift; path = MessengerTests.swift; sourceTree = "<group>"; };
		46D9AF742BF7E77F00866C38 /* MessengerUITests.xctest */ = {isa = PBXFileReference; explicitFileType = wrapper.cfbundle; includeInIndex = 0; path = MessengerUITests.xctest; sourceTree = BUILT_PRODUCTS_DIR; };
		46D9AF782BF7E77F00866C38 /* MessengerUITests.swift */ = {isa = PBXFileReference; lastKnownFileType = sourcecode.swift; path = MessengerUITests.swift; sourceTree = "<group>"; };
		46D9AF7A2BF7E77F00866C38 /* MessengerUITestsLaunchTests.swift */ = {isa = PBXFileReference; lastKnownFileType = sourcecode.swift; path = MessengerUITestsLaunchTests.swift; sourceTree = "<group>"; };
		46EA83F52BF7E82F00BB2C1F /* ChatUser.swift */ = {isa = PBXFileReference; lastKnownFileType = sourcecode.swift; path = ChatUser.swift; sourceTree = "<group>"; };
		46EA83F82BF7E89900BB2C1F /* LoginService.swift */ = {isa = PBXFileReference; lastKnownFileType = sourcecode.swift; path = LoginService.swift; sourceTree = "<group>"; };
		46EA83FA2BF7E94200BB2C1F /* GoogleService-Info.plist */ = {isa = PBXFileReference; fileEncoding = 4; lastKnownFileType = text.plist.xml; path = "GoogleService-Info.plist"; sourceTree = "<group>"; };
		46EA84082BF7ECA600BB2C1F /* InputView.swift */ = {isa = PBXFileReference; lastKnownFileType = sourcecode.swift; path = InputView.swift; sourceTree = "<group>"; };
		46EA840B2BF7F04000BB2C1F /* LoginView.swift */ = {isa = PBXFileReference; lastKnownFileType = sourcecode.swift; path = LoginView.swift; sourceTree = "<group>"; };
		46EA840D2BF7F05500BB2C1F /* SignUpView.swift */ = {isa = PBXFileReference; lastKnownFileType = sourcecode.swift; path = SignUpView.swift; sourceTree = "<group>"; };
		46FB930C2BF8085A001643E5 /* FirebaseAuthManager.swift */ = {isa = PBXFileReference; lastKnownFileType = sourcecode.swift; path = FirebaseAuthManager.swift; sourceTree = "<group>"; };
/* End PBXFileReference section */

/* Begin PBXFrameworksBuildPhase section */
		46D9AF572BF7E77F00866C38 /* Frameworks */ = {
			isa = PBXFrameworksBuildPhase;
			buildActionMask = 2147483647;
			files = (
				46EA84052BF7E9E000BB2C1F /* FirebaseStorage in Frameworks */,
				46EA84012BF7E9CD00BB2C1F /* FirebaseFirestoreSwift in Frameworks */,
				46EA84032BF7E9D700BB2C1F /* FirebaseFirestore in Frameworks */,
				46EA84072BF7E9EF00BB2C1F /* FirebaseAuth in Frameworks */,
			);
			runOnlyForDeploymentPostprocessing = 0;
		};
		46D9AF672BF7E77F00866C38 /* Frameworks */ = {
			isa = PBXFrameworksBuildPhase;
			buildActionMask = 2147483647;
			files = (
			);
			runOnlyForDeploymentPostprocessing = 0;
		};
		46D9AF712BF7E77F00866C38 /* Frameworks */ = {
			isa = PBXFrameworksBuildPhase;
			buildActionMask = 2147483647;
			files = (
			);
			runOnlyForDeploymentPostprocessing = 0;
		};
/* End PBXFrameworksBuildPhase section */

/* Begin PBXGroup section */
		460FE6952BF7FA1E007D8E77 /* Manager */ = {
			isa = PBXGroup;
			children = (
				46FB930C2BF8085A001643E5 /* FirebaseAuthManager.swift */,
				46EA83F82BF7E89900BB2C1F /* LoginService.swift */,
				460FE6982BF7FA5E007D8E77 /* MessagesManager.swift */,
			);
			path = Manager;
			sourceTree = "<group>";
		};
		46D9AF512BF7E77F00866C38 = {
			isa = PBXGroup;
			children = (
				46D9AF872BF7E7A500866C38 /* App */,
				46D9AF8B2BF7E7C700866C38 /* Component */,
				46D9AF8A2BF7E7C000866C38 /* Model */,
				460FE6952BF7FA1E007D8E77 /* Manager */,
				46D9AF892BF7E7B700866C38 /* ViewModel */,
				46D9AF882BF7E7B000866C38 /* Views */,
				46D9AF5C2BF7E77F00866C38 /* Messenger */,
				46D9AF6D2BF7E77F00866C38 /* MessengerTests */,
				46D9AF772BF7E77F00866C38 /* MessengerUITests */,
				46D9AF5B2BF7E77F00866C38 /* Products */,
				46EA83FF2BF7E9CD00BB2C1F /* Frameworks */,
			);
			sourceTree = "<group>";
		};
		46D9AF5B2BF7E77F00866C38 /* Products */ = {
			isa = PBXGroup;
			children = (
				46D9AF5A2BF7E77F00866C38 /* Messenger.app */,
				46D9AF6A2BF7E77F00866C38 /* MessengerTests.xctest */,
				46D9AF742BF7E77F00866C38 /* MessengerUITests.xctest */,
			);
			name = Products;
			sourceTree = "<group>";
		};
		46D9AF5C2BF7E77F00866C38 /* Messenger */ = {
			isa = PBXGroup;
			children = (
				46D9AF612BF7E77F00866C38 /* Assets.xcassets */,
				46D9AF632BF7E77F00866C38 /* Preview Content */,
			);
			path = Messenger;
			sourceTree = "<group>";
		};
		46D9AF632BF7E77F00866C38 /* Preview Content */ = {
			isa = PBXGroup;
			children = (
				46D9AF642BF7E77F00866C38 /* Preview Assets.xcassets */,
			);
			path = "Preview Content";
			sourceTree = "<group>";
		};
		46D9AF6D2BF7E77F00866C38 /* MessengerTests */ = {
			isa = PBXGroup;
			children = (
				46D9AF6E2BF7E77F00866C38 /* MessengerTests.swift */,
			);
			path = MessengerTests;
			sourceTree = "<group>";
		};
		46D9AF772BF7E77F00866C38 /* MessengerUITests */ = {
			isa = PBXGroup;
			children = (
				46D9AF782BF7E77F00866C38 /* MessengerUITests.swift */,
				46D9AF7A2BF7E77F00866C38 /* MessengerUITestsLaunchTests.swift */,
			);
			path = MessengerUITests;
			sourceTree = "<group>";
		};
		46D9AF872BF7E7A500866C38 /* App */ = {
			isa = PBXGroup;
			children = (
				46D9AF5D2BF7E77F00866C38 /* MessengerApp.swift */,
				46EA83FA2BF7E94200BB2C1F /* GoogleService-Info.plist */,
			);
			path = App;
			sourceTree = "<group>";
		};
		46D9AF882BF7E7B000866C38 /* Views */ = {
			isa = PBXGroup;
			children = (
				46EA840A2BF7F02800BB2C1F /* Login */,
			);
			path = Views;
			sourceTree = "<group>";
		};
		46D9AF892BF7E7B700866C38 /* ViewModel */ = {
			isa = PBXGroup;
			children = (
			);
			path = ViewModel;
			sourceTree = "<group>";
		};
		46D9AF8A2BF7E7C000866C38 /* Model */ = {
			isa = PBXGroup;
			children = (
				46EA83F52BF7E82F00BB2C1F /* ChatUser.swift */,
				460FE6932BF7F98E007D8E77 /* Message.swift */,
			);
			path = Model;
			sourceTree = "<group>";
		};
		46D9AF8B2BF7E7C700866C38 /* Component */ = {
			isa = PBXGroup;
			children = (
				46EA84082BF7ECA600BB2C1F /* InputView.swift */,
			);
			path = Component;
			sourceTree = "<group>";
		};
		46EA83FF2BF7E9CD00BB2C1F /* Frameworks */ = {
			isa = PBXGroup;
			children = (
			);
			name = Frameworks;
			sourceTree = "<group>";
		};
		46EA840A2BF7F02800BB2C1F /* Login */ = {
			isa = PBXGroup;
			children = (
				46EA840B2BF7F04000BB2C1F /* LoginView.swift */,
				46EA840D2BF7F05500BB2C1F /* SignUpView.swift */,
			);
			path = Login;
			sourceTree = "<group>";
		};
/* End PBXGroup section */

/* Begin PBXNativeTarget section */
		46D9AF592BF7E77F00866C38 /* Messenger */ = {
			isa = PBXNativeTarget;
			buildConfigurationList = 46D9AF7E2BF7E77F00866C38 /* Build configuration list for PBXNativeTarget "Messenger" */;
			buildPhases = (
				46D9AF562BF7E77F00866C38 /* Sources */,
				46D9AF572BF7E77F00866C38 /* Frameworks */,
				46D9AF582BF7E77F00866C38 /* Resources */,
			);
			buildRules = (
			);
			dependencies = (
			);
			name = Messenger;
			packageProductDependencies = (
				46EA84002BF7E9CD00BB2C1F /* FirebaseFirestoreSwift */,
				46EA84022BF7E9D700BB2C1F /* FirebaseFirestore */,
				46EA84042BF7E9E000BB2C1F /* FirebaseStorage */,
				46EA84062BF7E9EF00BB2C1F /* FirebaseAuth */,
			);
			productName = Messenger;
			productReference = 46D9AF5A2BF7E77F00866C38 /* Messenger.app */;
			productType = "com.apple.product-type.application";
		};
		46D9AF692BF7E77F00866C38 /* MessengerTests */ = {
			isa = PBXNativeTarget;
			buildConfigurationList = 46D9AF812BF7E77F00866C38 /* Build configuration list for PBXNativeTarget "MessengerTests" */;
			buildPhases = (
				46D9AF662BF7E77F00866C38 /* Sources */,
				46D9AF672BF7E77F00866C38 /* Frameworks */,
				46D9AF682BF7E77F00866C38 /* Resources */,
			);
			buildRules = (
			);
			dependencies = (
				46D9AF6C2BF7E77F00866C38 /* PBXTargetDependency */,
			);
			name = MessengerTests;
			productName = MessengerTests;
			productReference = 46D9AF6A2BF7E77F00866C38 /* MessengerTests.xctest */;
			productType = "com.apple.product-type.bundle.unit-test";
		};
		46D9AF732BF7E77F00866C38 /* MessengerUITests */ = {
			isa = PBXNativeTarget;
			buildConfigurationList = 46D9AF842BF7E77F00866C38 /* Build configuration list for PBXNativeTarget "MessengerUITests" */;
			buildPhases = (
				46D9AF702BF7E77F00866C38 /* Sources */,
				46D9AF712BF7E77F00866C38 /* Frameworks */,
				46D9AF722BF7E77F00866C38 /* Resources */,
			);
			buildRules = (
			);
			dependencies = (
				46D9AF762BF7E77F00866C38 /* PBXTargetDependency */,
			);
			name = MessengerUITests;
			productName = MessengerUITests;
			productReference = 46D9AF742BF7E77F00866C38 /* MessengerUITests.xctest */;
			productType = "com.apple.product-type.bundle.ui-testing";
		};
/* End PBXNativeTarget section */

/* Begin PBXProject section */
		46D9AF522BF7E77F00866C38 /* Project object */ = {
			isa = PBXProject;
			attributes = {
				BuildIndependentTargetsInParallel = 1;
				LastSwiftUpdateCheck = 1430;
				LastUpgradeCheck = 1430;
				TargetAttributes = {
					46D9AF592BF7E77F00866C38 = {
						CreatedOnToolsVersion = 14.3.1;
					};
					46D9AF692BF7E77F00866C38 = {
						CreatedOnToolsVersion = 14.3.1;
						TestTargetID = 46D9AF592BF7E77F00866C38;
					};
					46D9AF732BF7E77F00866C38 = {
						CreatedOnToolsVersion = 14.3.1;
						TestTargetID = 46D9AF592BF7E77F00866C38;
					};
				};
			};
			buildConfigurationList = 46D9AF552BF7E77F00866C38 /* Build configuration list for PBXProject "Messenger" */;
			compatibilityVersion = "Xcode 14.0";
			developmentRegion = en;
			hasScannedForEncodings = 0;
			knownRegions = (
				en,
				Base,
			);
			mainGroup = 46D9AF512BF7E77F00866C38;
			packageReferences = (
				46EA83FC2BF7E9B700BB2C1F /* XCRemoteSwiftPackageReference "firebase-ios-sdk" */,
			);
			productRefGroup = 46D9AF5B2BF7E77F00866C38 /* Products */;
			projectDirPath = "";
			projectRoot = "";
			targets = (
				46D9AF592BF7E77F00866C38 /* Messenger */,
				46D9AF692BF7E77F00866C38 /* MessengerTests */,
				46D9AF732BF7E77F00866C38 /* MessengerUITests */,
			);
		};
/* End PBXProject section */

/* Begin PBXResourcesBuildPhase section */
		46D9AF582BF7E77F00866C38 /* Resources */ = {
			isa = PBXResourcesBuildPhase;
			buildActionMask = 2147483647;
			files = (
				46D9AF652BF7E77F00866C38 /* Preview Assets.xcassets in Resources */,
				46EA83FB2BF7E94200BB2C1F /* GoogleService-Info.plist in Resources */,
				46D9AF622BF7E77F00866C38 /* Assets.xcassets in Resources */,
			);
			runOnlyForDeploymentPostprocessing = 0;
		};
		46D9AF682BF7E77F00866C38 /* Resources */ = {
			isa = PBXResourcesBuildPhase;
			buildActionMask = 2147483647;
			files = (
			);
			runOnlyForDeploymentPostprocessing = 0;
		};
		46D9AF722BF7E77F00866C38 /* Resources */ = {
			isa = PBXResourcesBuildPhase;
			buildActionMask = 2147483647;
			files = (
			);
			runOnlyForDeploymentPostprocessing = 0;
		};
/* End PBXResourcesBuildPhase section */

/* Begin PBXSourcesBuildPhase section */
		46D9AF562BF7E77F00866C38 /* Sources */ = {
			isa = PBXSourcesBuildPhase;
			buildActionMask = 2147483647;
			files = (
				46EA840C2BF7F04000BB2C1F /* LoginView.swift in Sources */,
				46EA83F92BF7E89900BB2C1F /* LoginService.swift in Sources */,
				46EA83F62BF7E82F00BB2C1F /* ChatUser.swift in Sources */,
				46FB930D2BF8085A001643E5 /* FirebaseAuthManager.swift in Sources */,
				46EA840E2BF7F05500BB2C1F /* SignUpView.swift in Sources */,
				46EA84092BF7ECA600BB2C1F /* InputView.swift in Sources */,
				460FE6992BF7FA5E007D8E77 /* MessagesManager.swift in Sources */,
				460FE6942BF7F98E007D8E77 /* Message.swift in Sources */,
				46D9AF5E2BF7E77F00866C38 /* MessengerApp.swift in Sources */,
			);
			runOnlyForDeploymentPostprocessing = 0;
		};
		46D9AF662BF7E77F00866C38 /* Sources */ = {
			isa = PBXSourcesBuildPhase;
			buildActionMask = 2147483647;
			files = (
				46D9AF6F2BF7E77F00866C38 /* MessengerTests.swift in Sources */,
			);
			runOnlyForDeploymentPostprocessing = 0;
		};
		46D9AF702BF7E77F00866C38 /* Sources */ = {
			isa = PBXSourcesBuildPhase;
			buildActionMask = 2147483647;
			files = (
				46D9AF7B2BF7E77F00866C38 /* MessengerUITestsLaunchTests.swift in Sources */,
				46D9AF792BF7E77F00866C38 /* MessengerUITests.swift in Sources */,
			);
			runOnlyForDeploymentPostprocessing = 0;
		};
/* End PBXSourcesBuildPhase section */

/* Begin PBXTargetDependency section */
		46D9AF6C2BF7E77F00866C38 /* PBXTargetDependency */ = {
			isa = PBXTargetDependency;
			target = 46D9AF592BF7E77F00866C38 /* Messenger */;
			targetProxy = 46D9AF6B2BF7E77F00866C38 /* PBXContainerItemProxy */;
		};
		46D9AF762BF7E77F00866C38 /* PBXTargetDependency */ = {
			isa = PBXTargetDependency;
			target = 46D9AF592BF7E77F00866C38 /* Messenger */;
			targetProxy = 46D9AF752BF7E77F00866C38 /* PBXContainerItemProxy */;
		};
/* End PBXTargetDependency section */

/* Begin XCBuildConfiguration section */
		46D9AF7C2BF7E77F00866C38 /* Debug */ = {
			isa = XCBuildConfiguration;
			buildSettings = {
				ALWAYS_SEARCH_USER_PATHS = NO;
				CLANG_ANALYZER_NONNULL = YES;
				CLANG_ANALYZER_NUMBER_OBJECT_CONVERSION = YES_AGGRESSIVE;
				CLANG_CXX_LANGUAGE_STANDARD = "gnu++20";
				CLANG_ENABLE_MODULES = YES;
				CLANG_ENABLE_OBJC_ARC = YES;
				CLANG_ENABLE_OBJC_WEAK = YES;
				CLANG_WARN_BLOCK_CAPTURE_AUTORELEASING = YES;
				CLANG_WARN_BOOL_CONVERSION = YES;
				CLANG_WARN_COMMA = YES;
				CLANG_WARN_CONSTANT_CONVERSION = YES;
				CLANG_WARN_DEPRECATED_OBJC_IMPLEMENTATIONS = YES;
				CLANG_WARN_DIRECT_OBJC_ISA_USAGE = YES_ERROR;
				CLANG_WARN_DOCUMENTATION_COMMENTS = YES;
				CLANG_WARN_EMPTY_BODY = YES;
				CLANG_WARN_ENUM_CONVERSION = YES;
				CLANG_WARN_INFINITE_RECURSION = YES;
				CLANG_WARN_INT_CONVERSION = YES;
				CLANG_WARN_NON_LITERAL_NULL_CONVERSION = YES;
				CLANG_WARN_OBJC_IMPLICIT_RETAIN_SELF = YES;
				CLANG_WARN_OBJC_LITERAL_CONVERSION = YES;
				CLANG_WARN_OBJC_ROOT_CLASS = YES_ERROR;
				CLANG_WARN_QUOTED_INCLUDE_IN_FRAMEWORK_HEADER = YES;
				CLANG_WARN_RANGE_LOOP_ANALYSIS = YES;
				CLANG_WARN_STRICT_PROTOTYPES = YES;
				CLANG_WARN_SUSPICIOUS_MOVE = YES;
				CLANG_WARN_UNGUARDED_AVAILABILITY = YES_AGGRESSIVE;
				CLANG_WARN_UNREACHABLE_CODE = YES;
				CLANG_WARN__DUPLICATE_METHOD_MATCH = YES;
				COPY_PHASE_STRIP = NO;
				DEBUG_INFORMATION_FORMAT = dwarf;
				ENABLE_STRICT_OBJC_MSGSEND = YES;
				ENABLE_TESTABILITY = YES;
				GCC_C_LANGUAGE_STANDARD = gnu11;
				GCC_DYNAMIC_NO_PIC = NO;
				GCC_NO_COMMON_BLOCKS = YES;
				GCC_OPTIMIZATION_LEVEL = 0;
				GCC_PREPROCESSOR_DEFINITIONS = (
					"DEBUG=1",
					"$(inherited)",
				);
				GCC_WARN_64_TO_32_BIT_CONVERSION = YES;
				GCC_WARN_ABOUT_RETURN_TYPE = YES_ERROR;
				GCC_WARN_UNDECLARED_SELECTOR = YES;
				GCC_WARN_UNINITIALIZED_AUTOS = YES_AGGRESSIVE;
				GCC_WARN_UNUSED_FUNCTION = YES;
				GCC_WARN_UNUSED_VARIABLE = YES;
				IPHONEOS_DEPLOYMENT_TARGET = 16.4;
				MTL_ENABLE_DEBUG_INFO = INCLUDE_SOURCE;
				MTL_FAST_MATH = YES;
				ONLY_ACTIVE_ARCH = YES;
				SDKROOT = iphoneos;
				SWIFT_ACTIVE_COMPILATION_CONDITIONS = DEBUG;
				SWIFT_OPTIMIZATION_LEVEL = "-Onone";
			};
			name = Debug;
		};
		46D9AF7D2BF7E77F00866C38 /* Release */ = {
			isa = XCBuildConfiguration;
			buildSettings = {
				ALWAYS_SEARCH_USER_PATHS = NO;
				CLANG_ANALYZER_NONNULL = YES;
				CLANG_ANALYZER_NUMBER_OBJECT_CONVERSION = YES_AGGRESSIVE;
				CLANG_CXX_LANGUAGE_STANDARD = "gnu++20";
				CLANG_ENABLE_MODULES = YES;
				CLANG_ENABLE_OBJC_ARC = YES;
				CLANG_ENABLE_OBJC_WEAK = YES;
				CLANG_WARN_BLOCK_CAPTURE_AUTORELEASING = YES;
				CLANG_WARN_BOOL_CONVERSION = YES;
				CLANG_WARN_COMMA = YES;
				CLANG_WARN_CONSTANT_CONVERSION = YES;
				CLANG_WARN_DEPRECATED_OBJC_IMPLEMENTATIONS = YES;
				CLANG_WARN_DIRECT_OBJC_ISA_USAGE = YES_ERROR;
				CLANG_WARN_DOCUMENTATION_COMMENTS = YES;
				CLANG_WARN_EMPTY_BODY = YES;
				CLANG_WARN_ENUM_CONVERSION = YES;
				CLANG_WARN_INFINITE_RECURSION = YES;
				CLANG_WARN_INT_CONVERSION = YES;
				CLANG_WARN_NON_LITERAL_NULL_CONVERSION = YES;
				CLANG_WARN_OBJC_IMPLICIT_RETAIN_SELF = YES;
				CLANG_WARN_OBJC_LITERAL_CONVERSION = YES;
				CLANG_WARN_OBJC_ROOT_CLASS = YES_ERROR;
				CLANG_WARN_QUOTED_INCLUDE_IN_FRAMEWORK_HEADER = YES;
				CLANG_WARN_RANGE_LOOP_ANALYSIS = YES;
				CLANG_WARN_STRICT_PROTOTYPES = YES;
				CLANG_WARN_SUSPICIOUS_MOVE = YES;
				CLANG_WARN_UNGUARDED_AVAILABILITY = YES_AGGRESSIVE;
				CLANG_WARN_UNREACHABLE_CODE = YES;
				CLANG_WARN__DUPLICATE_METHOD_MATCH = YES;
				COPY_PHASE_STRIP = NO;
				DEBUG_INFORMATION_FORMAT = "dwarf-with-dsym";
				ENABLE_NS_ASSERTIONS = NO;
				ENABLE_STRICT_OBJC_MSGSEND = YES;
				GCC_C_LANGUAGE_STANDARD = gnu11;
				GCC_NO_COMMON_BLOCKS = YES;
				GCC_WARN_64_TO_32_BIT_CONVERSION = YES;
				GCC_WARN_ABOUT_RETURN_TYPE = YES_ERROR;
				GCC_WARN_UNDECLARED_SELECTOR = YES;
				GCC_WARN_UNINITIALIZED_AUTOS = YES_AGGRESSIVE;
				GCC_WARN_UNUSED_FUNCTION = YES;
				GCC_WARN_UNUSED_VARIABLE = YES;
				IPHONEOS_DEPLOYMENT_TARGET = 16.4;
				MTL_ENABLE_DEBUG_INFO = NO;
				MTL_FAST_MATH = YES;
				SDKROOT = iphoneos;
				SWIFT_COMPILATION_MODE = wholemodule;
				SWIFT_OPTIMIZATION_LEVEL = "-O";
				VALIDATE_PRODUCT = YES;
			};
			name = Release;
		};
		46D9AF7F2BF7E77F00866C38 /* Debug */ = {
			isa = XCBuildConfiguration;
			buildSettings = {
				ASSETCATALOG_COMPILER_APPICON_NAME = AppIcon;
				ASSETCATALOG_COMPILER_GLOBAL_ACCENT_COLOR_NAME = AccentColor;
				CODE_SIGN_STYLE = Automatic;
				CURRENT_PROJECT_VERSION = 1;
				DEVELOPMENT_ASSET_PATHS = "\"Messenger/Preview Content\"";
				DEVELOPMENT_TEAM = X458CUZL7L;
				ENABLE_PREVIEWS = YES;
				GENERATE_INFOPLIST_FILE = YES;
				INFOPLIST_KEY_UIApplicationSceneManifest_Generation = YES;
				INFOPLIST_KEY_UIApplicationSupportsIndirectInputEvents = YES;
				INFOPLIST_KEY_UILaunchScreen_Generation = YES;
				INFOPLIST_KEY_UISupportedInterfaceOrientations_iPad = "UIInterfaceOrientationPortrait UIInterfaceOrientationPortraitUpsideDown UIInterfaceOrientationLandscapeLeft UIInterfaceOrientationLandscapeRight";
				INFOPLIST_KEY_UISupportedInterfaceOrientations_iPhone = "UIInterfaceOrientationPortrait UIInterfaceOrientationLandscapeLeft UIInterfaceOrientationLandscapeRight";
				LD_RUNPATH_SEARCH_PATHS = (
					"$(inherited)",
					"@executable_path/Frameworks",
				);
				MARKETING_VERSION = 1.0;
				PRODUCT_BUNDLE_IDENTIFIER = io..Messenger;
				PRODUCT_NAME = "$(TARGET_NAME)";
				SWIFT_EMIT_LOC_STRINGS = YES;
				SWIFT_VERSION = 5.0;
				TARGETED_DEVICE_FAMILY = "1,2";
			};
			name = Debug;
		};
		46D9AF802BF7E77F00866C38 /* Release */ = {
			isa = XCBuildConfiguration;
			buildSettings = {
				ASSETCATALOG_COMPILER_APPICON_NAME = AppIcon;
				ASSETCATALOG_COMPILER_GLOBAL_ACCENT_COLOR_NAME = AccentColor;
				CODE_SIGN_STYLE = Automatic;
				CURRENT_PROJECT_VERSION = 1;
				DEVELOPMENT_ASSET_PATHS = "\"Messenger/Preview Content\"";
				DEVELOPMENT_TEAM = X458CUZL7L;
				ENABLE_PREVIEWS = YES;
				GENERATE_INFOPLIST_FILE = YES;
				INFOPLIST_KEY_UIApplicationSceneManifest_Generation = YES;
				INFOPLIST_KEY_UIApplicationSupportsIndirectInputEvents = YES;
				INFOPLIST_KEY_UILaunchScreen_Generation = YES;
				INFOPLIST_KEY_UISupportedInterfaceOrientations_iPad = "UIInterfaceOrientationPortrait UIInterfaceOrientationPortraitUpsideDown UIInterfaceOrientationLandscapeLeft UIInterfaceOrientationLandscapeRight";
				INFOPLIST_KEY_UISupportedInterfaceOrientations_iPhone = "UIInterfaceOrientationPortrait UIInterfaceOrientationLandscapeLeft UIInterfaceOrientationLandscapeRight";
				LD_RUNPATH_SEARCH_PATHS = (
					"$(inherited)",
					"@executable_path/Frameworks",
				);
				MARKETING_VERSION = 1.0;
				PRODUCT_BUNDLE_IDENTIFIER = io..Messenger;
				PRODUCT_NAME = "$(TARGET_NAME)";
				SWIFT_EMIT_LOC_STRINGS = YES;
				SWIFT_VERSION = 5.0;
				TARGETED_DEVICE_FAMILY = "1,2";
			};
			name = Release;
		};
		46D9AF822BF7E77F00866C38 /* Debug */ = {
			isa = XCBuildConfiguration;
			buildSettings = {
				ALWAYS_EMBED_SWIFT_STANDARD_LIBRARIES = YES;
				BUNDLE_LOADER = "$(TEST_HOST)";
				CODE_SIGN_STYLE = Automatic;
				CURRENT_PROJECT_VERSION = 1;
				DEVELOPMENT_TEAM = X458CUZL7L;
				GENERATE_INFOPLIST_FILE = YES;
				IPHONEOS_DEPLOYMENT_TARGET = 16.4;
				MARKETING_VERSION = 1.0;
				PRODUCT_BUNDLE_IDENTIFIER = io..MessengerTests;
				PRODUCT_NAME = "$(TARGET_NAME)";
				SWIFT_EMIT_LOC_STRINGS = NO;
				SWIFT_VERSION = 5.0;
				TARGETED_DEVICE_FAMILY = "1,2";
				TEST_HOST = "$(BUILT_PRODUCTS_DIR)/Messenger.app/$(BUNDLE_EXECUTABLE_FOLDER_PATH)/Messenger";
			};
			name = Debug;
		};
		46D9AF832BF7E77F00866C38 /* Release */ = {
			isa = XCBuildConfiguration;
			buildSettings = {
				ALWAYS_EMBED_SWIFT_STANDARD_LIBRARIES = YES;
				BUNDLE_LOADER = "$(TEST_HOST)";
				CODE_SIGN_STYLE = Automatic;
				CURRENT_PROJECT_VERSION = 1;
				DEVELOPMENT_TEAM = X458CUZL7L;
				GENERATE_INFOPLIST_FILE = YES;
				IPHONEOS_DEPLOYMENT_TARGET = 16.4;
				MARKETING_VERSION = 1.0;
				PRODUCT_BUNDLE_IDENTIFIER = io..MessengerTests;
				PRODUCT_NAME = "$(TARGET_NAME)";
				SWIFT_EMIT_LOC_STRINGS = NO;
				SWIFT_VERSION = 5.0;
				TARGETED_DEVICE_FAMILY = "1,2";
				TEST_HOST = "$(BUILT_PRODUCTS_DIR)/Messenger.app/$(BUNDLE_EXECUTABLE_FOLDER_PATH)/Messenger";
			};
			name = Release;
		};
		46D9AF852BF7E77F00866C38 /* Debug */ = {
			isa = XCBuildConfiguration;
			buildSettings = {
				ALWAYS_EMBED_SWIFT_STANDARD_LIBRARIES = YES;
				CODE_SIGN_STYLE = Automatic;
				CURRENT_PROJECT_VERSION = 1;
				DEVELOPMENT_TEAM = X458CUZL7L;
				GENERATE_INFOPLIST_FILE = YES;
				MARKETING_VERSION = 1.0;
				PRODUCT_BUNDLE_IDENTIFIER = io..MessengerUITests;
				PRODUCT_NAME = "$(TARGET_NAME)";
				SWIFT_EMIT_LOC_STRINGS = NO;
				SWIFT_VERSION = 5.0;
				TARGETED_DEVICE_FAMILY = "1,2";
				TEST_TARGET_NAME = Messenger;
			};
			name = Debug;
		};
		46D9AF862BF7E77F00866C38 /* Release */ = {
			isa = XCBuildConfiguration;
			buildSettings = {
				ALWAYS_EMBED_SWIFT_STANDARD_LIBRARIES = YES;
				CODE_SIGN_STYLE = Automatic;
				CURRENT_PROJECT_VERSION = 1;
				DEVELOPMENT_TEAM = X458CUZL7L;
				GENERATE_INFOPLIST_FILE = YES;
				MARKETING_VERSION = 1.0;
				PRODUCT_BUNDLE_IDENTIFIER = io..MessengerUITests;
				PRODUCT_NAME = "$(TARGET_NAME)";
				SWIFT_EMIT_LOC_STRINGS = NO;
				SWIFT_VERSION = 5.0;
				TARGETED_DEVICE_FAMILY = "1,2";
				TEST_TARGET_NAME = Messenger;
			};
			name = Release;
		};
/* End XCBuildConfiguration section */

/* Begin XCConfigurationList section */
		46D9AF552BF7E77F00866C38 /* Build configuration list for PBXProject "Messenger" */ = {
			isa = XCConfigurationList;
			buildConfigurations = (
				46D9AF7C2BF7E77F00866C38 /* Debug */,
				46D9AF7D2BF7E77F00866C38 /* Release */,
			);
			defaultConfigurationIsVisible = 0;
			defaultConfigurationName = Release;
		};
		46D9AF7E2BF7E77F00866C38 /* Build configuration list for PBXNativeTarget "Messenger" */ = {
			isa = XCConfigurationList;
			buildConfigurations = (
				46D9AF7F2BF7E77F00866C38 /* Debug */,
				46D9AF802BF7E77F00866C38 /* Release */,
			);
			defaultConfigurationIsVisible = 0;
			defaultConfigurationName = Release;
		};
		46D9AF812BF7E77F00866C38 /* Build configuration list for PBXNativeTarget "MessengerTests" */ = {
			isa = XCConfigurationList;
			buildConfigurations = (
				46D9AF822BF7E77F00866C38 /* Debug */,
				46D9AF832BF7E77F00866C38 /* Release */,
			);
			defaultConfigurationIsVisible = 0;
			defaultConfigurationName = Release;
		};
		46D9AF842BF7E77F00866C38 /* Build configuration list for PBXNativeTarget "MessengerUITests" */ = {
			isa = XCConfigurationList;
			buildConfigurations = (
				46D9AF852BF7E77F00866C38 /* Debug */,
				46D9AF862BF7E77F00866C38 /* Release */,
			);
			defaultConfigurationIsVisible = 0;
			defaultConfigurationName = Release;
		};
/* End XCConfigurationList section */

/* Begin XCRemoteSwiftPackageReference section */
		46EA83FC2BF7E9B700BB2C1F /* XCRemoteSwiftPackageReference "firebase-ios-sdk" */ = {
			isa = XCRemoteSwiftPackageReference;
			repositoryURL = "https://github.com/firebase/firebase-ios-sdk";
			requirement = {
				kind = upToNextMajorVersion;
				minimumVersion = 10.0.0;
			};
		};
/* End XCRemoteSwiftPackageReference section */

/* Begin XCSwiftPackageProductDependency section */
		46EA84002BF7E9CD00BB2C1F /* FirebaseFirestoreSwift */ = {
			isa = XCSwiftPackageProductDependency;
			package = 46EA83FC2BF7E9B700BB2C1F /* XCRemoteSwiftPackageReference "firebase-ios-sdk" */;
			productName = FirebaseFirestoreSwift;
		};
		46EA84022BF7E9D700BB2C1F /* FirebaseFirestore */ = {
			isa = XCSwiftPackageProductDependency;
			package = 46EA83FC2BF7E9B700BB2C1F /* XCRemoteSwiftPackageReference "firebase-ios-sdk" */;
			productName = FirebaseFirestore;
		};
		46EA84042BF7E9E000BB2C1F /* FirebaseStorage */ = {
			isa = XCSwiftPackageProductDependency;
			package = 46EA83FC2BF7E9B700BB2C1F /* XCRemoteSwiftPackageReference "firebase-ios-sdk" */;
			productName = FirebaseStorage;
		};
		46EA84062BF7E9EF00BB2C1F /* FirebaseAuth */ = {
			isa = XCSwiftPackageProductDependency;
			package = 46EA83FC2BF7E9B700BB2C1F /* XCRemoteSwiftPackageReference "firebase-ios-sdk" */;
			productName = FirebaseAuth;
		};
/* End XCSwiftPackageProductDependency section */
	};
	rootObject = 46D9AF522BF7E77F00866C38 /* Project object */;
}
